
Microsoft Visual Studio Solution File, Format Version 12.00
Project("{FAE04EC0-301F-11D3-BF4B-00C04F79EFBC}") = "ConfigurableItemSpawns", "ConfigurableItemSpawns\ConfigurableItemSpawns.csproj", "{6153722E-656F-4BA3-B9B0-30C4044B934B}"
EndProject
Global
	GlobalSection(SolutionConfigurationPlatforms) = preSolution
		Debug|Any CPU = Debug|Any CPU
		Release|Any CPU = Release|Any CPU
	EndGlobalSection
	GlobalSection(ProjectConfigurationPlatforms) = postSolution
		{6153722E-656F-4BA3-B9B0-30C4044B934B}.Debug|Any CPU.ActiveCfg = Debug|Any CPU
		{6153722E-656F-4BA3-B9B0-30C4044B934B}.Debug|Any CPU.Build.0 = Debug|Any CPU
		{6153722E-656F-4BA3-B9B0-30C4044B934B}.Release|Any CPU.ActiveCfg = Release|Any CPU
		{6153722E-656F-4BA3-B9B0-30C4044B934B}.Release|Any CPU.Build.0 = Release|Any CPU
	EndGlobalSection
EndGlobal
